
Microsoft Visual Studio Solution File, Format Version 12.00
# Visual Studio Version 16
VisualStudioVersion = 16.0.29728.190
MinimumVisualStudioVersion = 10.0.40219.1
Project("{9A19103F-16F7-4668-BE54-9A1E7A4F7556}") = "02. Garden", "02. Garden\02. Garden.csproj", "{1F429020-7F3E-4B28-9F76-BD5A5E8E8CF0}"
EndProject
Project("{FAE04EC0-301F-11D3-BF4B-00C04F79EFBC}") = "01. Scheduling", "01. Scheduling\01. Scheduling.csproj", "{873C8527-018B-42FA-8A49-648C879AEF6A}"
EndProject
Project("{9A19103F-16F7-4668-BE54-9A1E7A4F7556}") = "ClassroomProject", "03. Classroom\ClassroomProject.csproj", "{88395EE4-9E03-4B6B-9A08-167D98C5E5CA}"
EndProject
Global
	GlobalSection(SolutionConfigurationPlatforms) = preSolution
		Debug|Any CPU = Debug|Any CPU
		Release|Any CPU = Release|Any CPU
	EndGlobalSection
	GlobalSection(ProjectConfigurationPlatforms) = postSolution
		{1F429020-7F3E-4B28-9F76-BD5A5E8E8CF0}.Debug|Any CPU.ActiveCfg = Debug|Any CPU
		{1F429020-7F3E-4B28-9F76-BD5A5E8E8CF0}.Debug|Any CPU.Build.0 = Debug|Any CPU
		{1F429020-7F3E-4B28-9F76-BD5A5E8E8CF0}.Release|Any CPU.ActiveCfg = Release|Any CPU
		{1F429020-7F3E-4B28-9F76-BD5A5E8E8CF0}.Release|Any CPU.Build.0 = Release|Any CPU
		{873C8527-018B-42FA-8A49-648C879AEF6A}.Debug|Any CPU.ActiveCfg = Debug|Any CPU
		{873C8527-018B-42FA-8A49-648C879AEF6A}.Debug|Any CPU.Build.0 = Debug|Any CPU
		{873C8527-018B-42FA-8A49-648C879AEF6A}.Release|Any CPU.ActiveCfg = Release|Any CPU
		{873C8527-018B-42FA-8A49-648C879AEF6A}.Release|Any CPU.Build.0 = Release|Any CPU
		{88395EE4-9E03-4B6B-9A08-167D98C5E5CA}.Debug|Any CPU.ActiveCfg = Debug|Any CPU
		{88395EE4-9E03-4B6B-9A08-167D98C5E5CA}.Debug|Any CPU.Build.0 = Debug|Any CPU
		{88395EE4-9E03-4B6B-9A08-167D98C5E5CA}.Release|Any CPU.ActiveCfg = Release|Any CPU
		{88395EE4-9E03-4B6B-9A08-167D98C5E5CA}.Release|Any CPU.Build.0 = Release|Any CPU
	EndGlobalSection
	GlobalSection(SolutionProperties) = preSolution
		HideSolutionNode = FALSE
	EndGlobalSection
	GlobalSection(ExtensibilityGlobals) = postSolution
		SolutionGuid = {007FBC8C-B9E7-4BDE-AFA9-0196CB2A0755}
	EndGlobalSection
EndGlobal
