
Microsoft Visual Studio Solution File, Format Version 12.00
# Visual Studio Version 16
VisualStudioVersion = 16.0.29728.190
MinimumVisualStudioVersion = 10.0.40219.1
Project("{9A19103F-16F7-4668-BE54-9A1E7A4F7556}") = "IteratorsAndComparators", "01.Library\IteratorsAndComparators.csproj", "{0BF9359B-561D-45D8-80F6-F14AE994A6B4}"
EndProject
Global
	GlobalSection(SolutionConfigurationPlatforms) = preSolution
		Debug|Any CPU = Debug|Any CPU
		Release|Any CPU = Release|Any CPU
	EndGlobalSection
	GlobalSection(ProjectConfigurationPlatforms) = postSolution
		{0BF9359B-561D-45D8-80F6-F14AE994A6B4}.Debug|Any CPU.ActiveCfg = Debug|Any CPU
		{0BF9359B-561D-45D8-80F6-F14AE994A6B4}.Debug|Any CPU.Build.0 = Debug|Any CPU
		{0BF9359B-561D-45D8-80F6-F14AE994A6B4}.Release|Any CPU.ActiveCfg = Release|Any CPU
		{0BF9359B-561D-45D8-80F6-F14AE994A6B4}.Release|Any CPU.Build.0 = Release|Any CPU
	EndGlobalSection
	GlobalSection(SolutionProperties) = preSolution
		HideSolutionNode = FALSE
	EndGlobalSection
	GlobalSection(ExtensibilityGlobals) = postSolution
		SolutionGuid = {AB84DAFF-5CF7-4FFE-AE57-56B0EC5CC6D4}
	EndGlobalSection
EndGlobal
