
Microsoft Visual Studio Solution File, Format Version 12.00
# Visual Studio Version 16
VisualStudioVersion = 16.0.29728.190
MinimumVisualStudioVersion = 10.0.40219.1
Project("{FAE04EC0-301F-11D3-BF4B-00C04F79EFBC}") = "BoxOfT", "01. Box\BoxOfT.csproj", "{6B36D8E8-4A23-4C48-838E-339E151FB032}"
EndProject
Project("{FAE04EC0-301F-11D3-BF4B-00C04F79EFBC}") = "GenericArrayCreator", "GenericArrayCreator\GenericArrayCreator.csproj", "{182B5366-9B56-4387-AC61-E6971A36C00F}"
EndProject
Project("{FAE04EC0-301F-11D3-BF4B-00C04F79EFBC}") = "GenericScale", "GenericScale\GenericScale.csproj", "{78B5F94A-C2A9-4450-86AF-EF3E229097EE}"
EndProject
Global
	GlobalSection(SolutionConfigurationPlatforms) = preSolution
		Debug|Any CPU = Debug|Any CPU
		Release|Any CPU = Release|Any CPU
	EndGlobalSection
	GlobalSection(ProjectConfigurationPlatforms) = postSolution
		{6B36D8E8-4A23-4C48-838E-339E151FB032}.Debug|Any CPU.ActiveCfg = Debug|Any CPU
		{6B36D8E8-4A23-4C48-838E-339E151FB032}.Debug|Any CPU.Build.0 = Debug|Any CPU
		{6B36D8E8-4A23-4C48-838E-339E151FB032}.Release|Any CPU.ActiveCfg = Release|Any CPU
		{6B36D8E8-4A23-4C48-838E-339E151FB032}.Release|Any CPU.Build.0 = Release|Any CPU
		{182B5366-9B56-4387-AC61-E6971A36C00F}.Debug|Any CPU.ActiveCfg = Debug|Any CPU
		{182B5366-9B56-4387-AC61-E6971A36C00F}.Debug|Any CPU.Build.0 = Debug|Any CPU
		{182B5366-9B56-4387-AC61-E6971A36C00F}.Release|Any CPU.ActiveCfg = Release|Any CPU
		{182B5366-9B56-4387-AC61-E6971A36C00F}.Release|Any CPU.Build.0 = Release|Any CPU
		{78B5F94A-C2A9-4450-86AF-EF3E229097EE}.Debug|Any CPU.ActiveCfg = Debug|Any CPU
		{78B5F94A-C2A9-4450-86AF-EF3E229097EE}.Debug|Any CPU.Build.0 = Debug|Any CPU
		{78B5F94A-C2A9-4450-86AF-EF3E229097EE}.Release|Any CPU.ActiveCfg = Release|Any CPU
		{78B5F94A-C2A9-4450-86AF-EF3E229097EE}.Release|Any CPU.Build.0 = Release|Any CPU
	EndGlobalSection
	GlobalSection(SolutionProperties) = preSolution
		HideSolutionNode = FALSE
	EndGlobalSection
	GlobalSection(ExtensibilityGlobals) = postSolution
		SolutionGuid = {FA507D22-BA0B-4AFB-BAF9-FEEB92E15ADB}
	EndGlobalSection
EndGlobal
