
Microsoft Visual Studio Solution File, Format Version 12.00
# Visual Studio Version 16
VisualStudioVersion = 16.0.29728.190
MinimumVisualStudioVersion = 10.0.40219.1
Project("{FAE04EC0-301F-11D3-BF4B-00C04F79EFBC}") = "1. Sum Matrix Elements", "1. Sum Matrix Elements\1. Sum Matrix Elements.csproj", "{62D6A3B1-479E-4BB5-A4F5-25192E2EB902}"
EndProject
Project("{FAE04EC0-301F-11D3-BF4B-00C04F79EFBC}") = "2. Sum Matrix Columns", "2. Sum Matrix Columns\2. Sum Matrix Columns.csproj", "{24B0F196-5EC6-46AC-9FF7-71C11091128A}"
EndProject
Project("{FAE04EC0-301F-11D3-BF4B-00C04F79EFBC}") = "3. Primary Diagonal", "3. Primary Diagonal\3. Primary Diagonal.csproj", "{23887765-D972-43E9-A8A6-F9DE0D11F01B}"
EndProject
Project("{FAE04EC0-301F-11D3-BF4B-00C04F79EFBC}") = "4. Symbol in Matrix", "4. Symbol in Matrix\4. Symbol in Matrix.csproj", "{8E6161DF-6B3E-420B-9395-C16D84183C15}"
EndProject
Project("{FAE04EC0-301F-11D3-BF4B-00C04F79EFBC}") = "5. Square With Maximum Sum", "5. Square With Maximum Sum\5. Square With Maximum Sum.csproj", "{3DAFF887-017F-4942-871D-54F1D8D27811}"
EndProject
Project("{FAE04EC0-301F-11D3-BF4B-00C04F79EFBC}") = "6. Jagged-Array Modification", "6. Jagged-Array Modification\6. Jagged-Array Modification.csproj", "{FD1A042C-E9E7-44A8-B44D-F921AD2ACDD9}"
EndProject
Project("{FAE04EC0-301F-11D3-BF4B-00C04F79EFBC}") = "7. Pascal Triangle", "7. Pascal Triangle\7. Pascal Triangle.csproj", "{36CF28D6-CD0D-4E78-820C-6F0030672D6E}"
EndProject
Global
	GlobalSection(SolutionConfigurationPlatforms) = preSolution
		Debug|Any CPU = Debug|Any CPU
		Release|Any CPU = Release|Any CPU
	EndGlobalSection
	GlobalSection(ProjectConfigurationPlatforms) = postSolution
		{62D6A3B1-479E-4BB5-A4F5-25192E2EB902}.Debug|Any CPU.ActiveCfg = Debug|Any CPU
		{62D6A3B1-479E-4BB5-A4F5-25192E2EB902}.Debug|Any CPU.Build.0 = Debug|Any CPU
		{62D6A3B1-479E-4BB5-A4F5-25192E2EB902}.Release|Any CPU.ActiveCfg = Release|Any CPU
		{62D6A3B1-479E-4BB5-A4F5-25192E2EB902}.Release|Any CPU.Build.0 = Release|Any CPU
		{24B0F196-5EC6-46AC-9FF7-71C11091128A}.Debug|Any CPU.ActiveCfg = Debug|Any CPU
		{24B0F196-5EC6-46AC-9FF7-71C11091128A}.Debug|Any CPU.Build.0 = Debug|Any CPU
		{24B0F196-5EC6-46AC-9FF7-71C11091128A}.Release|Any CPU.ActiveCfg = Release|Any CPU
		{24B0F196-5EC6-46AC-9FF7-71C11091128A}.Release|Any CPU.Build.0 = Release|Any CPU
		{23887765-D972-43E9-A8A6-F9DE0D11F01B}.Debug|Any CPU.ActiveCfg = Debug|Any CPU
		{23887765-D972-43E9-A8A6-F9DE0D11F01B}.Debug|Any CPU.Build.0 = Debug|Any CPU
		{23887765-D972-43E9-A8A6-F9DE0D11F01B}.Release|Any CPU.ActiveCfg = Release|Any CPU
		{23887765-D972-43E9-A8A6-F9DE0D11F01B}.Release|Any CPU.Build.0 = Release|Any CPU
		{8E6161DF-6B3E-420B-9395-C16D84183C15}.Debug|Any CPU.ActiveCfg = Debug|Any CPU
		{8E6161DF-6B3E-420B-9395-C16D84183C15}.Debug|Any CPU.Build.0 = Debug|Any CPU
		{8E6161DF-6B3E-420B-9395-C16D84183C15}.Release|Any CPU.ActiveCfg = Release|Any CPU
		{8E6161DF-6B3E-420B-9395-C16D84183C15}.Release|Any CPU.Build.0 = Release|Any CPU
		{3DAFF887-017F-4942-871D-54F1D8D27811}.Debug|Any CPU.ActiveCfg = Debug|Any CPU
		{3DAFF887-017F-4942-871D-54F1D8D27811}.Debug|Any CPU.Build.0 = Debug|Any CPU
		{3DAFF887-017F-4942-871D-54F1D8D27811}.Release|Any CPU.ActiveCfg = Release|Any CPU
		{3DAFF887-017F-4942-871D-54F1D8D27811}.Release|Any CPU.Build.0 = Release|Any CPU
		{FD1A042C-E9E7-44A8-B44D-F921AD2ACDD9}.Debug|Any CPU.ActiveCfg = Debug|Any CPU
		{FD1A042C-E9E7-44A8-B44D-F921AD2ACDD9}.Debug|Any CPU.Build.0 = Debug|Any CPU
		{FD1A042C-E9E7-44A8-B44D-F921AD2ACDD9}.Release|Any CPU.ActiveCfg = Release|Any CPU
		{FD1A042C-E9E7-44A8-B44D-F921AD2ACDD9}.Release|Any CPU.Build.0 = Release|Any CPU
		{36CF28D6-CD0D-4E78-820C-6F0030672D6E}.Debug|Any CPU.ActiveCfg = Debug|Any CPU
		{36CF28D6-CD0D-4E78-820C-6F0030672D6E}.Debug|Any CPU.Build.0 = Debug|Any CPU
		{36CF28D6-CD0D-4E78-820C-6F0030672D6E}.Release|Any CPU.ActiveCfg = Release|Any CPU
		{36CF28D6-CD0D-4E78-820C-6F0030672D6E}.Release|Any CPU.Build.0 = Release|Any CPU
	EndGlobalSection
	GlobalSection(SolutionProperties) = preSolution
		HideSolutionNode = FALSE
	EndGlobalSection
	GlobalSection(ExtensibilityGlobals) = postSolution
		SolutionGuid = {0007CA94-B36D-454A-AE2B-6D5EBCE97337}
	EndGlobalSection
EndGlobal
